
Microsoft Visual Studio Solution File, Format Version 12.00
# Visual Studio Version 16
VisualStudioVersion = 16.0.30413.136
MinimumVisualStudioVersion = 10.0.40219.1
Project("{FAE04EC0-301F-11D3-BF4B-00C04F79EFBC}") = "labwork2", "labwork2.csproj", "{80BEC035-5834-4A3D-9D07-DCCE96B6CD59}"
EndProject
Global
	GlobalSection(SolutionConfigurationPlatforms) = preSolution
		Debug|Any CPU = Debug|Any CPU
		Release|Any CPU = Release|Any CPU
	EndGlobalSection
	GlobalSection(ProjectConfigurationPlatforms) = postSolution
		{80BEC035-5834-4A3D-9D07-DCCE96B6CD59}.Debug|Any CPU.ActiveCfg = Debug|Any CPU
		{80BEC035-5834-4A3D-9D07-DCCE96B6CD59}.Debug|Any CPU.Build.0 = Debug|Any CPU
		{80BEC035-5834-4A3D-9D07-DCCE96B6CD59}.Release|Any CPU.ActiveCfg = Release|Any CPU
		{80BEC035-5834-4A3D-9D07-DCCE96B6CD59}.Release|Any CPU.Build.0 = Release|Any CPU
	EndGlobalSection
	GlobalSection(SolutionProperties) = preSolution
		HideSolutionNode = FALSE
	EndGlobalSection
	GlobalSection(ExtensibilityGlobals) = postSolution
		SolutionGuid = {C553F8C7-E1BA-43ED-B64E-9E419B56F6D2}
	EndGlobalSection
EndGlobal
