
Microsoft Visual Studio Solution File, Format Version 12.00
# Visual Studio Version 16
VisualStudioVersion = 16.0.30413.136
MinimumVisualStudioVersion = 10.0.40219.1
Project("{9A19103F-16F7-4668-BE54-9A1E7A4F7556}") = "labwork2", "labwork2.csproj", "{80BEC035-5834-4A3D-9D07-DCCE96B6CD59}"
EndProject
Project("{2150E333-8FDC-42A3-9474-1A3956D46DE8}") = "Solution Items", "Solution Items", "{172C2C15-BBC2-4DBA-9E87-66AE0CDE30AE}"
	ProjectSection(SolutionItems) = preProject
		TextFile1.txt = TextFile1.txt
	EndProjectSection
EndProject
Global
	GlobalSection(SolutionConfigurationPlatforms) = preSolution
		Debug|Any CPU = Debug|Any CPU
		Release|Any CPU = Release|Any CPU
	EndGlobalSection
	GlobalSection(ProjectConfigurationPlatforms) = postSolution
		{80BEC035-5834-4A3D-9D07-DCCE96B6CD59}.Debug|Any CPU.ActiveCfg = Debug|Any CPU
		{80BEC035-5834-4A3D-9D07-DCCE96B6CD59}.Debug|Any CPU.Build.0 = Debug|Any CPU
		{80BEC035-5834-4A3D-9D07-DCCE96B6CD59}.Release|Any CPU.ActiveCfg = Release|Any CPU
		{80BEC035-5834-4A3D-9D07-DCCE96B6CD59}.Release|Any CPU.Build.0 = Release|Any CPU
	EndGlobalSection
	GlobalSection(SolutionProperties) = preSolution
		HideSolutionNode = FALSE
	EndGlobalSection
	GlobalSection(ExtensibilityGlobals) = postSolution
		SolutionGuid = {C553F8C7-E1BA-43ED-B64E-9E419B56F6D2}
	EndGlobalSection
EndGlobal
